<?xml version="1.0" encoding="utf-8"?>
<Project ToolsVersion="4.0" xmlns="http://schemas.microsoft.com/developer/msbuild/2003">
  <ItemGroup>
    <Filter Include="Source Files">
      <UniqueIdentifier>{4FC737F1-C7A5-4376-A066-2A32D752A2FF}</UniqueIdentifier>
      <Extensions>cpp;c;cc;cxx;def;odl;idl;hpj;bat;asm;asmx</Extensions>
    </Filter>
    <Filter Include="Header Files">
      <UniqueIdentifier>{93995380-89BD-4b04-88EB-625FBE52EBFB}</UniqueIdentifier>
      <Extensions>h;hh;hpp;hxx;hm;inl;inc;xsd</Extensions>
    </Filter>
    <Filter Include="Resource Files">
      <UniqueIdentifier>{67DA6AB6-F800-4c08-8B7A-83BB121AAD01}</UniqueIdentifier>
      <Extensions>rc;ico;cur;bmp;dlg;rc2;rct;bin;rgs;gif;jpg;jpeg;jpe;resx;tiff;tif;png;wav;mfcribbon-ms</Extensions>
    </Filter>
  </ItemGroup>
  <ItemGroup>
    <ClInclude Include="stdafx.h">
      <Filter>Header Files</Filter>
    </ClInclude>
    <ClInclude Include="targetver.h">
      <Filter>Header Files</Filter>
    </ClInclude>
    <ClInclude Include="views\uiView.h">
      <Filter>Header Files</Filter>
    </ClInclude>
    <ClInclude Include="views\stepViews\AdditionStepView.h">
      <Filter>Header Files</Filter>
    </ClInclude>
    <ClInclude Include="views\stepViews\StepView.h">
      <Filter>Header Files</Filter>
    </ClInclude>
    <ClInclude Include="views\stepViews\SubstractionStepView.h">
      <Filter>Header Files</Filter>
    </ClInclude>
    <ClInclude Include="values\ComplimentValue.h">
      <Filter>Header Files</Filter>
    </ClInclude>
    <ClInclude Include="values\StaticValue.h">
      <Filter>Header Files</Filter>
    </ClInclude>
    <ClInclude Include="values\Value.h">
      <Filter>Header Files</Filter>
    </ClInclude>
    <ClInclude Include="utilities\Operation.h">
      <Filter>Header Files</Filter>
    </ClInclude>
    <ClInclude Include="utilities\ValueType.h">
      <Filter>Header Files</Filter>
    </ClInclude>
    <ClInclude Include="parsers\Parser.h">
      <Filter>Header Files</Filter>
    </ClInclude>
    <ClInclude Include="parsers\StaticParser.h">
      <Filter>Header Files</Filter>
    </ClInclude>
    <ClInclude Include="core\AlghorithmResult.h">
      <Filter>Header Files</Filter>
    </ClInclude>
    <ClInclude Include="core\Application.h">
      <Filter>Header Files</Filter>
    </ClInclude>
    <ClInclude Include="core\DataflowController.h">
      <Filter>Header Files</Filter>
    </ClInclude>
    <ClInclude Include="core\Notice.h">
      <Filter>Header Files</Filter>
    </ClInclude>
    <ClInclude Include="core\ParserFactory.h">
      <Filter>Header Files</Filter>
    </ClInclude>
    <ClInclude Include="core\UserArguments.h">
      <Filter>Header Files</Filter>
    </ClInclude>
    <ClInclude Include="core\ViewController.h">
      <Filter>Header Files</Filter>
    </ClInclude>
    <ClInclude Include="algorithms\Algorithm.h">
      <Filter>Header Files</Filter>
    </ClInclude>
    <ClInclude Include="algorithms\AlgorithmFactory.h">
      <Filter>Header Files</Filter>
    </ClInclude>
    <ClInclude Include="algorithms\StaticAddition.h">
      <Filter>Header Files</Filter>
    </ClInclude>
    <ClInclude Include="algorithms\StaticComplementAddition.h">
      <Filter>Header Files</Filter>
    </ClInclude>
    <ClInclude Include="algorithms\StaticComplementParser .h">
      <Filter>Header Files</Filter>
    </ClInclude>
    <ClInclude Include="algorithms\StaticSubstraction.h">
      <Filter>Header Files</Filter>
    </ClInclude>
  </ItemGroup>
  <ItemGroup>
    <ClCompile Include="stdafx.cpp">
      <Filter>Source Files</Filter>
    </ClCompile>
    <ClCompile Include="views\uiView.cpp">
      <Filter>Source Files</Filter>
    </ClCompile>
    <ClCompile Include="views\stepViews\StepView.cpp">
      <Filter>Source Files</Filter>
    </ClCompile>
    <ClCompile Include="values\StaticValue.cpp">
      <Filter>Source Files</Filter>
    </ClCompile>
    <ClCompile Include="values\Value.cpp">
      <Filter>Source Files</Filter>
    </ClCompile>
    <ClCompile Include="utilities\Operation.cpp">
      <Filter>Source Files</Filter>
    </ClCompile>
    <ClCompile Include="core\Application.cpp">
      <Filter>Source Files</Filter>
    </ClCompile>
    <ClCompile Include="core\DataflowController.cpp">
      <Filter>Source Files</Filter>
    </ClCompile>
    <ClCompile Include="core\Notice.cpp">
      <Filter>Source Files</Filter>
    </ClCompile>
    <ClCompile Include="core\ParserFactory.cpp">
      <Filter>Source Files</Filter>
    </ClCompile>
    <ClCompile Include="core\ViewController.cpp">
      <Filter>Source Files</Filter>
    </ClCompile>
    <ClCompile Include="algorithms\AlgorithmFactory.cpp">
      <Filter>Source Files</Filter>
    </ClCompile>
  </ItemGroup>
</Project>